{
  "name": "open_source_wtf",
  "requires": true,
  "lockfileVersion": 1,
  "dependencies": {
    "typeface-league-spartan": {
      "version": "0.0.44",
      "resolved": "https://registry.npmjs.org/typeface-league-spartan/-/typeface-league-spartan-0.0.44.tgz",
      "integrity": "sha512-0LFfN3RXs/cqeH2qnf7Qzh4hgx7xx3zaHIMnc11qTcQLaXfoD78X839t6Ge08uQDweR0VfvvOyFNwpkDyDa7bA=="
    }
  }
}
